# This file is generated by running "yarn install" inside your project.
# Manual changes might be lost - proceed with caution!

__metadata:
  version: 7
  cacheKey: 10

"dayjs@npm:^1.11.8":
  version: 1.11.8
  resolution: "dayjs@npm:1.11.8"
  checksum: 12bbabea340ebd0b66e7cf95605295e02f1a54287557c2f2dfda14fbc6667481b78fd7e89da90b26cd94e17374b4fc96b78b3446f583e4c1c4e15ec1135b69b7
  languageName: node
  linkType: hard

"root-workspace-0b6124@workspace:.":
  version: 0.0.0-use.local
  resolution: "root-workspace-0b6124@workspace:."
  dependencies:
    dayjs: "npm:^1.11.8"
  languageName: unknown
  linkType: soft
